{
  "name": "lazycc",
  "version": "0.1.1",
  "lockfileVersion": 3,
  "requires": true,
  "packages": {
    "": {
      "name": "lazycc",
      "version": "0.1.1",
      "license": "MIT",
      "bin": {
        "lazycc": "bin/lazycc.js",
        "lazycc-ai": "bin/lazycc.js",
        "lazycodex-ai": "bin/lazycodex-ai.js"
      }
    }
  }
}
